// !$*UTF8*$!
{
	archiveVersion = 1;
	classes = {
	};
	objectVersion = 54;
	objects = {

/* Begin PBXBuildFile section */
		10F7BA3616D58842AEB23932 /* Assets.xcassets in Resources */ = {isa = PBXBuildFile; fileRef = 749F41B2C192175E03E7B071 /* Assets.xcassets */; };
		18F380EF074980D7BACA9665 /* CameraView.swift in Sources */ = {isa = PBXBuildFile; fileRef = DA6148A4C10B0A891E1CB1D0 /* CameraView.swift */; };
		619A5AA597D15E6B81735C30 /* ReadObjectView.swift in Sources */ = {isa = PBXBuildFile; fileRef = 617A64C18A8229A86C58C8A3 /* ReadObjectView.swift */; };
		6CB8747D88EEAFF60B3E321A /* TextToSpeechViewModel.swift in Sources */ = {isa = PBXBuildFile; fileRef = 377EF7AF69F599E15135E7EF /* TextToSpeechViewModel.swift */; };
		798C74810CCE49CDECA611E2 /* ContentView.swift in Sources */ = {isa = PBXBuildFile; fileRef = 1A1215B4450C544C8DA5E60A /* ContentView.swift */; };
		9A627DBDC548664E05342F37 /* Nano_2_iPadApp.swift in Sources */ = {isa = PBXBuildFile; fileRef = 9D93EDECD5DFD2971C8406D2 /* Nano_2_iPadApp.swift */; };
		EAD6F2C64188FFA4FF656F37 /* Preview Assets.xcassets in Resources */ = {isa = PBXBuildFile; fileRef = 802781492644DA42BAE85495 /* Preview Assets.xcassets */; };
		F180BCDB837818475F1B4451 /* CameraSetupViewModel.swift in Sources */ = {isa = PBXBuildFile; fileRef = F6180CB5DF54C8FEF77FC84B /* CameraSetupViewModel.swift */; };
		F6493021CCA10E1FF1FA9BF1 /* CameraViewController.swift in Sources */ = {isa = PBXBuildFile; fileRef = FAB8012FD9753FEEAB9E6C3C /* CameraViewController.swift */; };
		FCADB8B7ACE8677B7E4E3EE0 /* ReadTextView.swift in Sources */ = {isa = PBXBuildFile; fileRef = 7BE6C12805BFC1070EB3F3F1 /* ReadTextView.swift */; };
/* End PBXBuildFile section */

/* Begin PBXFileReference section */
		1A1215B4450C544C8DA5E60A /* ContentView.swift */ = {isa = PBXFileReference; lastKnownFileType = sourcecode.swift; path = ContentView.swift; sourceTree = "<group>"; };
		377EF7AF69F599E15135E7EF /* TextToSpeechViewModel.swift */ = {isa = PBXFileReference; lastKnownFileType = sourcecode.swift; path = TextToSpeechViewModel.swift; sourceTree = "<group>"; };
		617A64C18A8229A86C58C8A3 /* ReadObjectView.swift */ = {isa = PBXFileReference; lastKnownFileType = sourcecode.swift; path = ReadObjectView.swift; sourceTree = "<group>"; };
		749F41B2C192175E03E7B071 /* Assets.xcassets */ = {isa = PBXFileReference; lastKnownFileType = folder.assetcatalog; path = Assets.xcassets; sourceTree = "<group>"; };
		7BE6C12805BFC1070EB3F3F1 /* ReadTextView.swift */ = {isa = PBXFileReference; lastKnownFileType = sourcecode.swift; path = ReadTextView.swift; sourceTree = "<group>"; };
		802781492644DA42BAE85495 /* Preview Assets.xcassets */ = {isa = PBXFileReference; lastKnownFileType = folder.assetcatalog; path = "Preview Assets.xcassets"; sourceTree = "<group>"; };
		9D93EDECD5DFD2971C8406D2 /* Nano_2_iPadApp.swift */ = {isa = PBXFileReference; lastKnownFileType = sourcecode.swift; path = Nano_2_iPadApp.swift; sourceTree = "<group>"; };
		DA6148A4C10B0A891E1CB1D0 /* CameraView.swift */ = {isa = PBXFileReference; lastKnownFileType = sourcecode.swift; path = CameraView.swift; sourceTree = "<group>"; };
		F6180CB5DF54C8FEF77FC84B /* CameraSetupViewModel.swift */ = {isa = PBXFileReference; lastKnownFileType = sourcecode.swift; path = CameraSetupViewModel.swift; sourceTree = "<group>"; };
		FAB8012FD9753FEEAB9E6C3C /* CameraViewController.swift */ = {isa = PBXFileReference; lastKnownFileType = sourcecode.swift; path = CameraViewController.swift; sourceTree = "<group>"; };
		FC406C243C2F9C30E55D01A9 /* Nano 2 iPad.app */ = {isa = PBXFileReference; includeInIndex = 0; lastKnownFileType = wrapper.application; path = "Nano 2 iPad.app"; sourceTree = BUILT_PRODUCTS_DIR; };
/* End PBXFileReference section */

/* Begin PBXGroup section */
		4F003EE9FC01E70108F650B8 /* Model */ = {
			isa = PBXGroup;
			children = (
				F6180CB5DF54C8FEF77FC84B /* CameraSetupViewModel.swift */,
				377EF7AF69F599E15135E7EF /* TextToSpeechViewModel.swift */,
			);
			path = Model;
			sourceTree = "<group>";
		};
		91E93D91BDD4EDA5155A2A91 /* Products */ = {
			isa = PBXGroup;
			children = (
				FC406C243C2F9C30E55D01A9 /* Nano 2 iPad.app */,
			);
			name = Products;
			sourceTree = "<group>";
		};
		9A3C2C204BED4E27F5F1FF96 /* Screens */ = {
			isa = PBXGroup;
			children = (
				1A1215B4450C544C8DA5E60A /* ContentView.swift */,
				617A64C18A8229A86C58C8A3 /* ReadObjectView.swift */,
				7BE6C12805BFC1070EB3F3F1 /* ReadTextView.swift */,
			);
			path = Screens;
			sourceTree = "<group>";
		};
		9D1BA0781A11EC651D0FDD3D = {
			isa = PBXGroup;
			children = (
				BC02D19BED10A6A21C3FAB06 /* Nano 2 iPad */,
				91E93D91BDD4EDA5155A2A91 /* Products */,
			);
			sourceTree = "<group>";
		};
		BC02D19BED10A6A21C3FAB06 /* Nano 2 iPad */ = {
			isa = PBXGroup;
			children = (
				749F41B2C192175E03E7B071 /* Assets.xcassets */,
				9D93EDECD5DFD2971C8406D2 /* Nano_2_iPadApp.swift */,
				4F003EE9FC01E70108F650B8 /* Model */,
				CA6E3232CE2143F52DE37DEE /* Preview Content */,
				9A3C2C204BED4E27F5F1FF96 /* Screens */,
				FA94BF7DBD09ACAC0CE2B0FA /* UIKitComponents */,
			);
			path = "Nano 2 iPad";
			sourceTree = "<group>";
		};
		CA6E3232CE2143F52DE37DEE /* Preview Content */ = {
			isa = PBXGroup;
			children = (
				802781492644DA42BAE85495 /* Preview Assets.xcassets */,
			);
			path = "Preview Content";
			sourceTree = "<group>";
		};
		FA94BF7DBD09ACAC0CE2B0FA /* UIKitComponents */ = {
			isa = PBXGroup;
			children = (
				DA6148A4C10B0A891E1CB1D0 /* CameraView.swift */,
				FAB8012FD9753FEEAB9E6C3C /* CameraViewController.swift */,
			);
			path = UIKitComponents;
			sourceTree = "<group>";
		};
/* End PBXGroup section */

/* Begin PBXNativeTarget section */
		5E19B64EEC51DF2590ED8AC4 /* Nano 2 iPad */ = {
			isa = PBXNativeTarget;
			buildConfigurationList = FCBEE219C392AD6320C8FC22 /* Build configuration list for PBXNativeTarget "Nano 2 iPad" */;
			buildPhases = (
				A17C2FD57FBAEF99CEF4FB43 /* Sources */,
				3CBDF42EB404D7F4AE197ED4 /* Resources */,
			);
			buildRules = (
			);
			dependencies = (
			);
			name = "Nano 2 iPad";
			productName = "Nano 2 iPad";
			productReference = FC406C243C2F9C30E55D01A9 /* Nano 2 iPad.app */;
			productType = "com.apple.product-type.application";
		};
/* End PBXNativeTarget section */

/* Begin PBXProject section */
		DE17A06315A9FBC8B3756366 /* Project object */ = {
			isa = PBXProject;
			attributes = {
				BuildIndependentTargetsInParallel = YES;
				LastUpgradeCheck = 1430;
				TargetAttributes = {
				};
			};
			buildConfigurationList = F55C6B2A58D2F7A3808DD83A /* Build configuration list for PBXProject "Nano 2 iPad" */;
			compatibilityVersion = "Xcode 14.0";
			developmentRegion = en;
			hasScannedForEncodings = 0;
			knownRegions = (
				Base,
				en,
			);
			mainGroup = 9D1BA0781A11EC651D0FDD3D;
			projectDirPath = "";
			projectRoot = "";
			targets = (
				5E19B64EEC51DF2590ED8AC4 /* Nano 2 iPad */,
			);
		};
/* End PBXProject section */

/* Begin PBXResourcesBuildPhase section */
		3CBDF42EB404D7F4AE197ED4 /* Resources */ = {
			isa = PBXResourcesBuildPhase;
			buildActionMask = 2147483647;
			files = (
				10F7BA3616D58842AEB23932 /* Assets.xcassets in Resources */,
				EAD6F2C64188FFA4FF656F37 /* Preview Assets.xcassets in Resources */,
			);
			runOnlyForDeploymentPostprocessing = 0;
		};
/* End PBXResourcesBuildPhase section */

/* Begin PBXSourcesBuildPhase section */
		A17C2FD57FBAEF99CEF4FB43 /* Sources */ = {
			isa = PBXSourcesBuildPhase;
			buildActionMask = 2147483647;
			files = (
				F180BCDB837818475F1B4451 /* CameraSetupViewModel.swift in Sources */,
				18F380EF074980D7BACA9665 /* CameraView.swift in Sources */,
				F6493021CCA10E1FF1FA9BF1 /* CameraViewController.swift in Sources */,
				798C74810CCE49CDECA611E2 /* ContentView.swift in Sources */,
				9A627DBDC548664E05342F37 /* Nano_2_iPadApp.swift in Sources */,
				619A5AA597D15E6B81735C30 /* ReadObjectView.swift in Sources */,
				FCADB8B7ACE8677B7E4E3EE0 /* ReadTextView.swift in Sources */,
				6CB8747D88EEAFF60B3E321A /* TextToSpeechViewModel.swift in Sources */,
			);
			runOnlyForDeploymentPostprocessing = 0;
		};
/* End PBXSourcesBuildPhase section */

/* Begin XCBuildConfiguration section */
		21551B00DD11771F8084E490 /* Debug */ = {
			isa = XCBuildConfiguration;
			buildSettings = {
				ASSETCATALOG_COMPILER_APPICON_NAME = AppIcon;
				CODE_SIGN_IDENTITY = "iPhone Developer";
				LD_RUNPATH_SEARCH_PATHS = (
					"$(inherited)",
					"@executable_path/Frameworks",
				);
				PRODUCT_BUNDLE_IDENTIFIER = "Michelle.Nano-2-iPad.Nano2iPad";
				SDKROOT = iphoneos;
				TARGETED_DEVICE_FAMILY = "1,2";
			};
			name = Debug;
		};
		330E85C1F19C57DC36FBFFD6 /* Release */ = {
			isa = XCBuildConfiguration;
			buildSettings = {
				ALWAYS_SEARCH_USER_PATHS = NO;
				CLANG_ANALYZER_NONNULL = YES;
				CLANG_ANALYZER_NUMBER_OBJECT_CONVERSION = YES_AGGRESSIVE;
				CLANG_CXX_LANGUAGE_STANDARD = "gnu++14";
				CLANG_CXX_LIBRARY = "libc++";
				CLANG_ENABLE_MODULES = YES;
				CLANG_ENABLE_OBJC_ARC = YES;
				CLANG_ENABLE_OBJC_WEAK = YES;
				CLANG_WARN_BLOCK_CAPTURE_AUTORELEASING = YES;
				CLANG_WARN_BOOL_CONVERSION = YES;
				CLANG_WARN_COMMA = YES;
				CLANG_WARN_CONSTANT_CONVERSION = YES;
				CLANG_WARN_DEPRECATED_OBJC_IMPLEMENTATIONS = YES;
				CLANG_WARN_DIRECT_OBJC_ISA_USAGE = YES_ERROR;
				CLANG_WARN_DOCUMENTATION_COMMENTS = YES;
				CLANG_WARN_EMPTY_BODY = YES;
				CLANG_WARN_ENUM_CONVERSION = YES;
				CLANG_WARN_INFINITE_RECURSION = YES;
				CLANG_WARN_INT_CONVERSION = YES;
				CLANG_WARN_NON_LITERAL_NULL_CONVERSION = YES;
				CLANG_WARN_OBJC_IMPLICIT_RETAIN_SELF = YES;
				CLANG_WARN_OBJC_LITERAL_CONVERSION = YES;
				CLANG_WARN_OBJC_ROOT_CLASS = YES_ERROR;
				CLANG_WARN_QUOTED_INCLUDE_IN_FRAMEWORK_HEADER = YES;
				CLANG_WARN_RANGE_LOOP_ANALYSIS = YES;
				CLANG_WARN_STRICT_PROTOTYPES = YES;
				CLANG_WARN_SUSPICIOUS_MOVE = YES;
				CLANG_WARN_UNGUARDED_AVAILABILITY = YES_AGGRESSIVE;
				CLANG_WARN_UNREACHABLE_CODE = YES;
				CLANG_WARN__DUPLICATE_METHOD_MATCH = YES;
				COPY_PHASE_STRIP = NO;
				DEBUG_INFORMATION_FORMAT = "dwarf-with-dsym";
				ENABLE_NS_ASSERTIONS = NO;
				ENABLE_STRICT_OBJC_MSGSEND = YES;
				GCC_C_LANGUAGE_STANDARD = gnu11;
				GCC_NO_COMMON_BLOCKS = YES;
				GCC_WARN_64_TO_32_BIT_CONVERSION = YES;
				GCC_WARN_ABOUT_RETURN_TYPE = YES_ERROR;
				GCC_WARN_UNDECLARED_SELECTOR = YES;
				GCC_WARN_UNINITIALIZED_AUTOS = YES_AGGRESSIVE;
				GCC_WARN_UNUSED_FUNCTION = YES;
				GCC_WARN_UNUSED_VARIABLE = YES;
				IPHONEOS_DEPLOYMENT_TARGET = 16.0;
				MTL_ENABLE_DEBUG_INFO = NO;
				MTL_FAST_MATH = YES;
				PRODUCT_NAME = "$(TARGET_NAME)";
				SDKROOT = iphoneos;
				SWIFT_COMPILATION_MODE = wholemodule;
				SWIFT_OPTIMIZATION_LEVEL = "-O";
				SWIFT_VERSION = 5.0;
			};
			name = Release;
		};
		B4C1CDE4ADB864D66264069F /* Release */ = {
			isa = XCBuildConfiguration;
			buildSettings = {
				ASSETCATALOG_COMPILER_APPICON_NAME = AppIcon;
				CODE_SIGN_IDENTITY = "iPhone Developer";
				LD_RUNPATH_SEARCH_PATHS = (
					"$(inherited)",
					"@executable_path/Frameworks",
				);
				PRODUCT_BUNDLE_IDENTIFIER = "Michelle.Nano-2-iPad.Nano2iPad";
				SDKROOT = iphoneos;
				TARGETED_DEVICE_FAMILY = "1,2";
			};
			name = Release;
		};
		DCFC92CDE7783CB428827148 /* Debug */ = {
			isa = XCBuildConfiguration;
			buildSettings = {
				ALWAYS_SEARCH_USER_PATHS = NO;
				CLANG_ANALYZER_NONNULL = YES;
				CLANG_ANALYZER_NUMBER_OBJECT_CONVERSION = YES_AGGRESSIVE;
				CLANG_CXX_LANGUAGE_STANDARD = "gnu++14";
				CLANG_CXX_LIBRARY = "libc++";
				CLANG_ENABLE_MODULES = YES;
				CLANG_ENABLE_OBJC_ARC = YES;
				CLANG_ENABLE_OBJC_WEAK = YES;
				CLANG_WARN_BLOCK_CAPTURE_AUTORELEASING = YES;
				CLANG_WARN_BOOL_CONVERSION = YES;
				CLANG_WARN_COMMA = YES;
				CLANG_WARN_CONSTANT_CONVERSION = YES;
				CLANG_WARN_DEPRECATED_OBJC_IMPLEMENTATIONS = YES;
				CLANG_WARN_DIRECT_OBJC_ISA_USAGE = YES_ERROR;
				CLANG_WARN_DOCUMENTATION_COMMENTS = YES;
				CLANG_WARN_EMPTY_BODY = YES;
				CLANG_WARN_ENUM_CONVERSION = YES;
				CLANG_WARN_INFINITE_RECURSION = YES;
				CLANG_WARN_INT_CONVERSION = YES;
				CLANG_WARN_NON_LITERAL_NULL_CONVERSION = YES;
				CLANG_WARN_OBJC_IMPLICIT_RETAIN_SELF = YES;
				CLANG_WARN_OBJC_LITERAL_CONVERSION = YES;
				CLANG_WARN_OBJC_ROOT_CLASS = YES_ERROR;
				CLANG_WARN_QUOTED_INCLUDE_IN_FRAMEWORK_HEADER = YES;
				CLANG_WARN_RANGE_LOOP_ANALYSIS = YES;
				CLANG_WARN_STRICT_PROTOTYPES = YES;
				CLANG_WARN_SUSPICIOUS_MOVE = YES;
				CLANG_WARN_UNGUARDED_AVAILABILITY = YES_AGGRESSIVE;
				CLANG_WARN_UNREACHABLE_CODE = YES;
				CLANG_WARN__DUPLICATE_METHOD_MATCH = YES;
				COPY_PHASE_STRIP = NO;
				DEBUG_INFORMATION_FORMAT = dwarf;
				ENABLE_STRICT_OBJC_MSGSEND = YES;
				ENABLE_TESTABILITY = YES;
				GCC_C_LANGUAGE_STANDARD = gnu11;
				GCC_DYNAMIC_NO_PIC = NO;
				GCC_NO_COMMON_BLOCKS = YES;
				GCC_OPTIMIZATION_LEVEL = 0;
				GCC_PREPROCESSOR_DEFINITIONS = (
					"$(inherited)",
					"DEBUG=1",
				);
				GCC_WARN_64_TO_32_BIT_CONVERSION = YES;
				GCC_WARN_ABOUT_RETURN_TYPE = YES_ERROR;
				GCC_WARN_UNDECLARED_SELECTOR = YES;
				GCC_WARN_UNINITIALIZED_AUTOS = YES_AGGRESSIVE;
				GCC_WARN_UNUSED_FUNCTION = YES;
				GCC_WARN_UNUSED_VARIABLE = YES;
				IPHONEOS_DEPLOYMENT_TARGET = 16.0;
				MTL_ENABLE_DEBUG_INFO = INCLUDE_SOURCE;
				MTL_FAST_MATH = YES;
				ONLY_ACTIVE_ARCH = YES;
				PRODUCT_NAME = "$(TARGET_NAME)";
				SDKROOT = iphoneos;
				SWIFT_ACTIVE_COMPILATION_CONDITIONS = DEBUG;
				SWIFT_OPTIMIZATION_LEVEL = "-Onone";
				SWIFT_VERSION = 5.0;
			};
			name = Debug;
		};
/* End XCBuildConfiguration section */

/* Begin XCConfigurationList section */
		F55C6B2A58D2F7A3808DD83A /* Build configuration list for PBXProject "Nano 2 iPad" */ = {
			isa = XCConfigurationList;
			buildConfigurations = (
				DCFC92CDE7783CB428827148 /* Debug */,
				330E85C1F19C57DC36FBFFD6 /* Release */,
			);
			defaultConfigurationIsVisible = 0;
			defaultConfigurationName = Debug;
		};
		FCBEE219C392AD6320C8FC22 /* Build configuration list for PBXNativeTarget "Nano 2 iPad" */ = {
			isa = XCConfigurationList;
			buildConfigurations = (
				21551B00DD11771F8084E490 /* Debug */,
				B4C1CDE4ADB864D66264069F /* Release */,
			);
			defaultConfigurationIsVisible = 0;
			defaultConfigurationName = Debug;
		};
/* End XCConfigurationList section */
	};
	rootObject = DE17A06315A9FBC8B3756366 /* Project object */;
}
